
Microsoft Visual Studio Solution File, Format Version 12.00
# Visual Studio Version 17
VisualStudioVersion = 17.4.33205.214
MinimumVisualStudioVersion = 10.0.40219.1
Project("{9A19103F-16F7-4668-BE54-9A1E7A4F7556}") = "TennisMicroserv", "TennisMicroserv\TennisMicroserv.csproj", "{59BFCB91-6050-4405-B8FE-A9F4BD0C8C0F}"
EndProject
Project("{9A19103F-16F7-4668-BE54-9A1E7A4F7556}") = "TennisMicroserv.UnitTests", "TennisMicroserv.UnitTests\TennisMicroserv.UnitTests.csproj", "{21B7C9E7-74EF-4BE4-A6BE-A1C1171BC430}"
EndProject
Global
	GlobalSection(SolutionConfigurationPlatforms) = preSolution
		Debug|Any CPU = Debug|Any CPU
		Release|Any CPU = Release|Any CPU
	EndGlobalSection
	GlobalSection(ProjectConfigurationPlatforms) = postSolution
		{59BFCB91-6050-4405-B8FE-A9F4BD0C8C0F}.Debug|Any CPU.ActiveCfg = Debug|Any CPU
		{59BFCB91-6050-4405-B8FE-A9F4BD0C8C0F}.Debug|Any CPU.Build.0 = Debug|Any CPU
		{59BFCB91-6050-4405-B8FE-A9F4BD0C8C0F}.Release|Any CPU.ActiveCfg = Release|Any CPU
		{59BFCB91-6050-4405-B8FE-A9F4BD0C8C0F}.Release|Any CPU.Build.0 = Release|Any CPU
		{21B7C9E7-74EF-4BE4-A6BE-A1C1171BC430}.Debug|Any CPU.ActiveCfg = Debug|Any CPU
		{21B7C9E7-74EF-4BE4-A6BE-A1C1171BC430}.Debug|Any CPU.Build.0 = Debug|Any CPU
		{21B7C9E7-74EF-4BE4-A6BE-A1C1171BC430}.Release|Any CPU.ActiveCfg = Release|Any CPU
		{21B7C9E7-74EF-4BE4-A6BE-A1C1171BC430}.Release|Any CPU.Build.0 = Release|Any CPU
	EndGlobalSection
	GlobalSection(SolutionProperties) = preSolution
		HideSolutionNode = FALSE
	EndGlobalSection
	GlobalSection(ExtensibilityGlobals) = postSolution
		SolutionGuid = {D7D472DB-D7F0-4BF4-8CCE-9D8C2EF293F0}
	EndGlobalSection
EndGlobal
